
Microsoft Visual Studio Solution File, Format Version 12.00
# Visual Studio 14
VisualStudioVersion = 14.0.23107.0
MinimumVisualStudioVersion = 10.0.40219.1
Project("{FAE04EC0-301F-11D3-BF4B-00C04F79EFBC}") = "SimpleCam", "SimpleCam.csproj", "{EF0C6F79-B4F4-4BF0-83D0-FEE90376EE8E}"
EndProject
Global
	GlobalSection(SolutionConfigurationPlatforms) = preSolution
		Debug|x86 = Debug|x86
		Release|x86 = Release|x86
	EndGlobalSection
	GlobalSection(ProjectConfigurationPlatforms) = postSolution
		{EF0C6F79-B4F4-4BF0-83D0-FEE90376EE8E}.Debug|x86.ActiveCfg = Debug|x86
		{EF0C6F79-B4F4-4BF0-83D0-FEE90376EE8E}.Debug|x86.Build.0 = Debug|x86
		{EF0C6F79-B4F4-4BF0-83D0-FEE90376EE8E}.Release|x86.ActiveCfg = Release|x86
		{EF0C6F79-B4F4-4BF0-83D0-FEE90376EE8E}.Release|x86.Build.0 = Release|x86
	EndGlobalSection
	GlobalSection(SolutionProperties) = preSolution
		HideSolutionNode = FALSE
	EndGlobalSection
EndGlobal
